
Microsoft Visual Studio Solution File, Format Version 12.00
# Visual Studio 15
VisualStudioVersion = 15.0.28307.539
MinimumVisualStudioVersion = 10.0.40219.1
Project("{FAE04EC0-301F-11D3-BF4B-00C04F79EFBC}") = "PGS.ContactList", "PGS.ContactList\PGS.ContactList.csproj", "{F5536099-BD5A-4CD6-B707-04F4E6E85B0D}"
EndProject
Global
	GlobalSection(SolutionConfigurationPlatforms) = preSolution
		Debug|Any CPU = Debug|Any CPU
		Release|Any CPU = Release|Any CPU
	EndGlobalSection
	GlobalSection(ProjectConfigurationPlatforms) = postSolution
		{F5536099-BD5A-4CD6-B707-04F4E6E85B0D}.Debug|Any CPU.ActiveCfg = Debug|Any CPU
		{F5536099-BD5A-4CD6-B707-04F4E6E85B0D}.Debug|Any CPU.Build.0 = Debug|Any CPU
		{F5536099-BD5A-4CD6-B707-04F4E6E85B0D}.Release|Any CPU.ActiveCfg = Release|Any CPU
		{F5536099-BD5A-4CD6-B707-04F4E6E85B0D}.Release|Any CPU.Build.0 = Release|Any CPU
	EndGlobalSection
	GlobalSection(SolutionProperties) = preSolution
		HideSolutionNode = FALSE
	EndGlobalSection
	GlobalSection(ExtensibilityGlobals) = postSolution
		SolutionGuid = {D833C054-990B-43F0-A98F-F6C58F10B48D}
	EndGlobalSection
EndGlobal
